# THIS IS AN AUTOGENERATED FILE. DO NOT EDIT THIS FILE DIRECTLY.
# yarn lockfile v1


"@types/node@^20.14.5":
  version "20.14.5"
  resolved "https://registry.npmjs.org/@types/node/-/node-20.14.5.tgz"
  integrity sha512-aoRR+fJkZT2l0aGOJhuA8frnCSoNX6W7U2mpNq63+BxBIj5BQFt8rHy627kijCmm63ijdSdwvGgpUsU6MBsZZA==
  dependencies:
    undici-types "~5.26.4"

fast-copy@^3.0.2:
  version "3.0.2"
  resolved "https://registry.npmjs.org/fast-copy/-/fast-copy-3.0.2.tgz"
  integrity sha512-dl0O9Vhju8IrcLndv2eU4ldt1ftXMqqfgN4H1cpmGV7P6jeB9FwpN9a2c8DPGE1Ys88rNUJVYDHq73CGAGOPfQ==

fastest-json-copy@^1.0.1:
  version "1.0.1"
  resolved "https://registry.npmjs.org/fastest-json-copy/-/fastest-json-copy-1.0.1.tgz"
  integrity sha512-Y4/wf9ARleMh4so64oyOt+tUAae8HN1W8P4tZfmnTkWjqKPuqZo7HxFQRFiQ/kGH8VRDYPNuh25eHCLxEKRPSA==

immer@^10.0.4:
  version "10.0.4"
  resolved "https://registry.npmjs.org/immer/-/immer-10.0.4.tgz"
  integrity sha512-cuBuGK40P/sk5IzWa9QPUaAdvPHjkk1c+xYsd9oZw+YQQEV+10G0P5uMpGctZZKnyQ+ibRO08bD25nWLmYi2pw==

lodash.clonedeep@^4.5.0:
  version "4.5.0"
  resolved "https://registry.npmjs.org/lodash.clonedeep/-/lodash.clonedeep-4.5.0.tgz"
  integrity sha512-H5ZhCF25riFd9uB5UCkVKo61m3S/xZk1x4wA6yp/L3RFP6Z/eHH1ymQcGLo7J3GMPfm0V/7m1tryHuGVxpqEBQ==

mutative@^1.0.3:
  version "1.0.3"
  resolved "https://registry.npmjs.org/mutative/-/mutative-1.0.3.tgz"
  integrity sha512-2DW6gxEtV+6108QajMBVZZd9OGb0sxih8GvM+SWT71qSLTU1UNCAUWGgRw5T7+i2xGN48WDJcQpPitp5SWqM8Q==

prettier@^3.3.2:
  version "3.3.2"
  resolved "https://registry.npmjs.org/prettier/-/prettier-3.3.2.tgz"
  integrity sha512-rAVeHYMcv8ATV5d508CFdn+8/pHPpXeIid1DdrPwXnaAdH7cqjVbpJaT5eq4yRAFU/lsbwYwSF/n5iNrdJHPQA==

typescript@^5.4.2:
  version "5.4.2"
  resolved "https://registry.npmjs.org/typescript/-/typescript-5.4.2.tgz"
  integrity sha512-+2/g0Fds1ERlP6JsakQQDXjZdZMM+rqpamFZJEKh4kwTIn3iDkgKtby0CeNd5ATNZ4Ry1ax15TMx0W2V+miizQ==

undici-types@~5.26.4:
  version "5.26.5"
  resolved "https://registry.npmjs.org/undici-types/-/undici-types-5.26.5.tgz"
  integrity sha512-JlCMO+ehdEIKqlFxk6IfVoAUVmgz7cU7zD/h9XZ0qzeosSHmUJVOzSQvvYSYWXkFXC+IfLKSIffhv0sVZup6pA==
